
Microsoft Visual Studio Solution File, Format Version 12.00
# Visual Studio Version 17
VisualStudioVersion = 17.5.33627.172
MinimumVisualStudioVersion = 10.0.40219.1
Project("{FAE04EC0-301F-11D3-BF4B-00C04F79EFBC}") = "ZeroTouchUnraveled", "ZeroTouchUnraveled.csproj", "{EEAD2736-F043-4782-B1FB-6D7D62D15D00}"
EndProject
Global
	GlobalSection(SolutionConfigurationPlatforms) = preSolution
		Debug|Any CPU = Debug|Any CPU
		Release|Any CPU = Release|Any CPU
	EndGlobalSection
	GlobalSection(ProjectConfigurationPlatforms) = postSolution
		{EEAD2736-F043-4782-B1FB-6D7D62D15D00}.Debug|Any CPU.ActiveCfg = Debug|Any CPU
		{EEAD2736-F043-4782-B1FB-6D7D62D15D00}.Debug|Any CPU.Build.0 = Debug|Any CPU
		{EEAD2736-F043-4782-B1FB-6D7D62D15D00}.Release|Any CPU.ActiveCfg = Release|Any CPU
		{EEAD2736-F043-4782-B1FB-6D7D62D15D00}.Release|Any CPU.Build.0 = Release|Any CPU
	EndGlobalSection
	GlobalSection(SolutionProperties) = preSolution
		HideSolutionNode = FALSE
	EndGlobalSection
	GlobalSection(ExtensibilityGlobals) = postSolution
		SolutionGuid = {D5F1B25F-7074-49C4-8376-93940ED56246}
	EndGlobalSection
EndGlobal
